
Microsoft Visual Studio Solution File, Format Version 12.00
# Visual Studio Version 17
VisualStudioVersion = 17.7.34202.233
MinimumVisualStudioVersion = 10.0.40219.1
Project("{FAE04EC0-301F-11D3-BF4B-00C04F79EFBC}") = "calculater", "calculater\calculater.csproj", "{E61C7EAF-E0DD-4A8E-A261-A61951D065AB}"
EndProject
Global
	GlobalSection(SolutionConfigurationPlatforms) = preSolution
		Debug|Any CPU = Debug|Any CPU
		Release|Any CPU = Release|Any CPU
	EndGlobalSection
	GlobalSection(ProjectConfigurationPlatforms) = postSolution
		{E61C7EAF-E0DD-4A8E-A261-A61951D065AB}.Debug|Any CPU.ActiveCfg = Debug|Any CPU
		{E61C7EAF-E0DD-4A8E-A261-A61951D065AB}.Debug|Any CPU.Build.0 = Debug|Any CPU
		{E61C7EAF-E0DD-4A8E-A261-A61951D065AB}.Release|Any CPU.ActiveCfg = Release|Any CPU
		{E61C7EAF-E0DD-4A8E-A261-A61951D065AB}.Release|Any CPU.Build.0 = Release|Any CPU
	EndGlobalSection
	GlobalSection(SolutionProperties) = preSolution
		HideSolutionNode = FALSE
	EndGlobalSection
	GlobalSection(ExtensibilityGlobals) = postSolution
		SolutionGuid = {14D2D43D-6897-4426-B410-533165240622}
	EndGlobalSection
EndGlobal
